
Microsoft Visual Studio Solution File, Format Version 12.00
Project("{FAE04EC0-301F-11D3-BF4B-00C04F79EFBC}") = "TopGear", "TopGear\TopGear.csproj", "{DBA011D1-F750-4A3A-A0C1-443D7AFD0AA9}"
EndProject
Global
	GlobalSection(SolutionConfigurationPlatforms) = preSolution
		Debug|Any CPU = Debug|Any CPU
		Release|Any CPU = Release|Any CPU
	EndGlobalSection
	GlobalSection(ProjectConfigurationPlatforms) = postSolution
		{DBA011D1-F750-4A3A-A0C1-443D7AFD0AA9}.Debug|Any CPU.ActiveCfg = Debug|Any CPU
		{DBA011D1-F750-4A3A-A0C1-443D7AFD0AA9}.Debug|Any CPU.Build.0 = Debug|Any CPU
		{DBA011D1-F750-4A3A-A0C1-443D7AFD0AA9}.Release|Any CPU.ActiveCfg = Release|Any CPU
		{DBA011D1-F750-4A3A-A0C1-443D7AFD0AA9}.Release|Any CPU.Build.0 = Release|Any CPU
	EndGlobalSection
EndGlobal
